
Microsoft Visual Studio Solution File, Format Version 12.00
# Visual Studio Version 17
VisualStudioVersion = 17.13.35825.156 d17.13
MinimumVisualStudioVersion = 10.0.40219.1
Project("{FAE04EC0-301F-11D3-BF4B-00C04F79EFBC}") = "Orleans", "Orleans.csproj", "{86F178F8-F6DD-465B-AFD5-8B698EECC03D}"
EndProject
Project("{FAE04EC0-301F-11D3-BF4B-00C04F79EFBC}") = "TestProject", "..\TestProject\TestProject.csproj", "{8195AE81-5066-45AC-86F5-9040CC6F3A6B}"
EndProject
Global
	GlobalSection(SolutionConfigurationPlatforms) = preSolution
		Debug|Any CPU = Debug|Any CPU
		Release|Any CPU = Release|Any CPU
	EndGlobalSection
	GlobalSection(ProjectConfigurationPlatforms) = postSolution
		{86F178F8-F6DD-465B-AFD5-8B698EECC03D}.Debug|Any CPU.ActiveCfg = Debug|Any CPU
		{86F178F8-F6DD-465B-AFD5-8B698EECC03D}.Debug|Any CPU.Build.0 = Debug|Any CPU
		{86F178F8-F6DD-465B-AFD5-8B698EECC03D}.Release|Any CPU.ActiveCfg = Release|Any CPU
		{86F178F8-F6DD-465B-AFD5-8B698EECC03D}.Release|Any CPU.Build.0 = Release|Any CPU
		{8195AE81-5066-45AC-86F5-9040CC6F3A6B}.Debug|Any CPU.ActiveCfg = Debug|Any CPU
		{8195AE81-5066-45AC-86F5-9040CC6F3A6B}.Debug|Any CPU.Build.0 = Debug|Any CPU
		{8195AE81-5066-45AC-86F5-9040CC6F3A6B}.Release|Any CPU.ActiveCfg = Release|Any CPU
		{8195AE81-5066-45AC-86F5-9040CC6F3A6B}.Release|Any CPU.Build.0 = Release|Any CPU
	EndGlobalSection
	GlobalSection(SolutionProperties) = preSolution
		HideSolutionNode = FALSE
	EndGlobalSection
	GlobalSection(ExtensibilityGlobals) = postSolution
		SolutionGuid = {7B226883-9002-4567-B82E-9EF6E1EDF05E}
	EndGlobalSection
EndGlobal
